
Microsoft Visual Studio Solution File, Format Version 12.00
# Visual Studio Version 17
VisualStudioVersion = 17.14.36127.28 d17.14
MinimumVisualStudioVersion = 10.0.40219.1
Project("{FAE04EC0-301F-11D3-BF4B-00C04F79EFBC}") = "RealState.Api", "src\WebApi\RealState.Api.csproj", "{E281C95E-84EC-A6CC-038E-67C3BBBABF91}"
EndProject
Project("{2150E333-8FDC-42A3-9474-1A3956D46DE8}") = "src", "src", "{02EA681E-C7D8-13C7-8484-4AC65E1B71E8}"
EndProject
Project("{2150E333-8FDC-42A3-9474-1A3956D46DE8}") = "WebApi", "WebApi", "{74B4DBE9-C49B-4EC3-A86B-D188282CBD14}"
EndProject
Project("{FAE04EC0-301F-11D3-BF4B-00C04F79EFBC}") = "RealState.Infrastructure", "src\Infrastructure\RealState.Infrastructure.csproj", "{10CDB0D3-E82A-F3D7-F365-6945F0C7DDE3}"
EndProject
Project("{2150E333-8FDC-42A3-9474-1A3956D46DE8}") = "Infrastructure", "Infrastructure", "{B62234AA-9AB8-496C-AF11-194623FEE35B}"
EndProject
Project("{FAE04EC0-301F-11D3-BF4B-00C04F79EFBC}") = "RealState.Application", "src\Core\Application\RealState.Application.csproj", "{FA3803B9-4600-02EB-3ACA-0224F2357A4F}"
EndProject
Project("{2150E333-8FDC-42A3-9474-1A3956D46DE8}") = "Core", "Core", "{5C838CB7-7C25-4CE4-BE0D-DC5085218281}"
EndProject
Project("{2150E333-8FDC-42A3-9474-1A3956D46DE8}") = "Application", "Application", "{F7F72AF1-B3B4-4AAB-93A3-5FE31D76D408}"
EndProject
Project("{2150E333-8FDC-42A3-9474-1A3956D46DE8}") = "Domain", "Domain", "{B0E072B2-DF7A-44B8-8B16-22FC241C80D7}"
EndProject
Project("{FAE04EC0-301F-11D3-BF4B-00C04F79EFBC}") = "RealState.Domain", "src\Core\Domain\RealState.Domain.csproj", "{A5A11BD2-EF66-4B56-AC6C-A0A813855CED}"
EndProject
Project("{2150E333-8FDC-42A3-9474-1A3956D46DE8}") = "test", "test", "{BC18BB7C-D31C-4BE0-AE02-625EC105F07C}"
EndProject
Project("{FAE04EC0-301F-11D3-BF4B-00C04F79EFBC}") = "RealState.Test", "test\RealState.Test.csproj", "{6287C64A-FC82-2B70-4F0E-4D0EA826B8A0}"
EndProject
Global
	GlobalSection(SolutionConfigurationPlatforms) = preSolution
		Debug|Any CPU = Debug|Any CPU
		Release|Any CPU = Release|Any CPU
	EndGlobalSection
	GlobalSection(ProjectConfigurationPlatforms) = postSolution
		{E281C95E-84EC-A6CC-038E-67C3BBBABF91}.Debug|Any CPU.ActiveCfg = Debug|Any CPU
		{E281C95E-84EC-A6CC-038E-67C3BBBABF91}.Debug|Any CPU.Build.0 = Debug|Any CPU
		{E281C95E-84EC-A6CC-038E-67C3BBBABF91}.Release|Any CPU.ActiveCfg = Release|Any CPU
		{E281C95E-84EC-A6CC-038E-67C3BBBABF91}.Release|Any CPU.Build.0 = Release|Any CPU
		{10CDB0D3-E82A-F3D7-F365-6945F0C7DDE3}.Debug|Any CPU.ActiveCfg = Debug|Any CPU
		{10CDB0D3-E82A-F3D7-F365-6945F0C7DDE3}.Debug|Any CPU.Build.0 = Debug|Any CPU
		{10CDB0D3-E82A-F3D7-F365-6945F0C7DDE3}.Release|Any CPU.ActiveCfg = Release|Any CPU
		{10CDB0D3-E82A-F3D7-F365-6945F0C7DDE3}.Release|Any CPU.Build.0 = Release|Any CPU
		{FA3803B9-4600-02EB-3ACA-0224F2357A4F}.Debug|Any CPU.ActiveCfg = Debug|Any CPU
		{FA3803B9-4600-02EB-3ACA-0224F2357A4F}.Debug|Any CPU.Build.0 = Debug|Any CPU
		{FA3803B9-4600-02EB-3ACA-0224F2357A4F}.Release|Any CPU.ActiveCfg = Release|Any CPU
		{FA3803B9-4600-02EB-3ACA-0224F2357A4F}.Release|Any CPU.Build.0 = Release|Any CPU
		{A5A11BD2-EF66-4B56-AC6C-A0A813855CED}.Debug|Any CPU.ActiveCfg = Debug|Any CPU
		{A5A11BD2-EF66-4B56-AC6C-A0A813855CED}.Debug|Any CPU.Build.0 = Debug|Any CPU
		{A5A11BD2-EF66-4B56-AC6C-A0A813855CED}.Release|Any CPU.ActiveCfg = Release|Any CPU
		{A5A11BD2-EF66-4B56-AC6C-A0A813855CED}.Release|Any CPU.Build.0 = Release|Any CPU
		{6287C64A-FC82-2B70-4F0E-4D0EA826B8A0}.Debug|Any CPU.ActiveCfg = Debug|Any CPU
		{6287C64A-FC82-2B70-4F0E-4D0EA826B8A0}.Debug|Any CPU.Build.0 = Debug|Any CPU
		{6287C64A-FC82-2B70-4F0E-4D0EA826B8A0}.Release|Any CPU.ActiveCfg = Release|Any CPU
		{6287C64A-FC82-2B70-4F0E-4D0EA826B8A0}.Release|Any CPU.Build.0 = Release|Any CPU
	EndGlobalSection
	GlobalSection(SolutionProperties) = preSolution
		HideSolutionNode = FALSE
	EndGlobalSection
	GlobalSection(NestedProjects) = preSolution
		{E281C95E-84EC-A6CC-038E-67C3BBBABF91} = {74B4DBE9-C49B-4EC3-A86B-D188282CBD14}
		{74B4DBE9-C49B-4EC3-A86B-D188282CBD14} = {02EA681E-C7D8-13C7-8484-4AC65E1B71E8}
		{10CDB0D3-E82A-F3D7-F365-6945F0C7DDE3} = {B62234AA-9AB8-496C-AF11-194623FEE35B}
		{B62234AA-9AB8-496C-AF11-194623FEE35B} = {02EA681E-C7D8-13C7-8484-4AC65E1B71E8}
		{FA3803B9-4600-02EB-3ACA-0224F2357A4F} = {F7F72AF1-B3B4-4AAB-93A3-5FE31D76D408}
		{5C838CB7-7C25-4CE4-BE0D-DC5085218281} = {02EA681E-C7D8-13C7-8484-4AC65E1B71E8}
		{F7F72AF1-B3B4-4AAB-93A3-5FE31D76D408} = {5C838CB7-7C25-4CE4-BE0D-DC5085218281}
		{B0E072B2-DF7A-44B8-8B16-22FC241C80D7} = {5C838CB7-7C25-4CE4-BE0D-DC5085218281}
		{A5A11BD2-EF66-4B56-AC6C-A0A813855CED} = {B0E072B2-DF7A-44B8-8B16-22FC241C80D7}
		{6287C64A-FC82-2B70-4F0E-4D0EA826B8A0} = {BC18BB7C-D31C-4BE0-AE02-625EC105F07C}
	EndGlobalSection
	GlobalSection(ExtensibilityGlobals) = postSolution
		SolutionGuid = {D5ABE6D4-01CA-42C6-8C5F-0FF4CF22F450}
	EndGlobalSection
EndGlobal
